// !$*UTF8*$!
{
	archiveVersion = 1;
	classes = {
	};
	objectVersion = 48;
	objects = {

/* Begin PBXBuildFile section */
		7E0FAFFE21096EEB006220E6 /* AppDelegate.swift in Sources */ = {isa = PBXBuildFile; fileRef = 7E0FAFFD21096EEB006220E6 /* AppDelegate.swift */; };
		7E0FB00021096EEB006220E6 /* ViewController.swift in Sources */ = {isa = PBXBuildFile; fileRef = 7E0FAFFF21096EEB006220E6 /* ViewController.swift */; };
		7E0FB00321096EEB006220E6 /* Main.storyboard in Resources */ = {isa = PBXBuildFile; fileRef = 7E0FB00121096EEB006220E6 /* Main.storyboard */; };
		7E0FB00521096EEB006220E6 /* Assets.xcassets in Resources */ = {isa = PBXBuildFile; fileRef = 7E0FB00421096EEB006220E6 /* Assets.xcassets */; };
		7E0FB00821096EEB006220E6 /* LaunchScreen.storyboard in Resources */ = {isa = PBXBuildFile; fileRef = 7E0FB00621096EEB006220E6 /* LaunchScreen.storyboard */; };
		7E0FB01221097489006220E6 /* MenuBar.swift in Sources */ = {isa = PBXBuildFile; fileRef = 7E0FB01121097489006220E6 /* MenuBar.swift */; };
		7E0FB015210976FD006220E6 /* Extensions.swift in Sources */ = {isa = PBXBuildFile; fileRef = 7E0FB014210976FD006220E6 /* Extensions.swift */; };
		7E0FB0172109948B006220E6 /* MenuCell.swift in Sources */ = {isa = PBXBuildFile; fileRef = 7E0FB0162109948B006220E6 /* MenuCell.swift */; };
		7EEED821210BA1CE00FDD36A /* Consts.swift in Sources */ = {isa = PBXBuildFile; fileRef = 7EEED820210BA1CE00FDD36A /* Consts.swift */; };
/* End PBXBuildFile section */

/* Begin PBXFileReference section */
		7E0FAFFA21096EEA006220E6 /* MyGameList.app */ = {isa = PBXFileReference; explicitFileType = wrapper.application; includeInIndex = 0; path = MyGameList.app; sourceTree = BUILT_PRODUCTS_DIR; };
		7E0FAFFD21096EEB006220E6 /* AppDelegate.swift */ = {isa = PBXFileReference; lastKnownFileType = sourcecode.swift; path = AppDelegate.swift; sourceTree = "<group>"; };
		7E0FAFFF21096EEB006220E6 /* ViewController.swift */ = {isa = PBXFileReference; lastKnownFileType = sourcecode.swift; path = ViewController.swift; sourceTree = "<group>"; };
		7E0FB00221096EEB006220E6 /* Base */ = {isa = PBXFileReference; lastKnownFileType = file.storyboard; name = Base; path = Base.lproj/Main.storyboard; sourceTree = "<group>"; };
		7E0FB00421096EEB006220E6 /* Assets.xcassets */ = {isa = PBXFileReference; lastKnownFileType = folder.assetcatalog; path = Assets.xcassets; sourceTree = "<group>"; };
		7E0FB00721096EEB006220E6 /* Base */ = {isa = PBXFileReference; lastKnownFileType = file.storyboard; name = Base; path = Base.lproj/LaunchScreen.storyboard; sourceTree = "<group>"; };
		7E0FB00921096EEB006220E6 /* Info.plist */ = {isa = PBXFileReference; lastKnownFileType = text.plist.xml; path = Info.plist; sourceTree = "<group>"; };
		7E0FB01121097489006220E6 /* MenuBar.swift */ = {isa = PBXFileReference; lastKnownFileType = sourcecode.swift; path = MenuBar.swift; sourceTree = "<group>"; };
		7E0FB014210976FD006220E6 /* Extensions.swift */ = {isa = PBXFileReference; lastKnownFileType = sourcecode.swift; path = Extensions.swift; sourceTree = "<group>"; };
		7E0FB0162109948B006220E6 /* MenuCell.swift */ = {isa = PBXFileReference; lastKnownFileType = sourcecode.swift; path = MenuCell.swift; sourceTree = "<group>"; };
		7EEED820210BA1CE00FDD36A /* Consts.swift */ = {isa = PBXFileReference; lastKnownFileType = sourcecode.swift; path = Consts.swift; sourceTree = "<group>"; };
/* End PBXFileReference section */

/* Begin PBXFrameworksBuildPhase section */
		7E0FAFF721096EEA006220E6 /* Frameworks */ = {
			isa = PBXFrameworksBuildPhase;
			buildActionMask = 2147483647;
			files = (
			);
			runOnlyForDeploymentPostprocessing = 0;
		};
/* End PBXFrameworksBuildPhase section */

/* Begin PBXGroup section */
		7E0FAFF121096EEA006220E6 = {
			isa = PBXGroup;
			children = (
				7E0FAFFC21096EEA006220E6 /* MyGameList */,
				7E0FAFFB21096EEA006220E6 /* Products */,
			);
			sourceTree = "<group>";
		};
		7E0FAFFB21096EEA006220E6 /* Products */ = {
			isa = PBXGroup;
			children = (
				7E0FAFFA21096EEA006220E6 /* MyGameList.app */,
			);
			name = Products;
			sourceTree = "<group>";
		};
		7E0FAFFC21096EEA006220E6 /* MyGameList */ = {
			isa = PBXGroup;
			children = (
				7E0FB013210976DC006220E6 /* Util */,
				7E0FB01021097464006220E6 /* View */,
				7E0FB00F210971B4006220E6 /* Controller */,
				7E0FAFFD21096EEB006220E6 /* AppDelegate.swift */,
				7E0FB00121096EEB006220E6 /* Main.storyboard */,
				7E0FB00421096EEB006220E6 /* Assets.xcassets */,
				7E0FB00621096EEB006220E6 /* LaunchScreen.storyboard */,
				7E0FB00921096EEB006220E6 /* Info.plist */,
			);
			path = MyGameList;
			sourceTree = "<group>";
		};
		7E0FB00F210971B4006220E6 /* Controller */ = {
			isa = PBXGroup;
			children = (
				7E0FAFFF21096EEB006220E6 /* ViewController.swift */,
			);
			path = Controller;
			sourceTree = "<group>";
		};
		7E0FB01021097464006220E6 /* View */ = {
			isa = PBXGroup;
			children = (
				7E0FB01121097489006220E6 /* MenuBar.swift */,
				7E0FB0162109948B006220E6 /* MenuCell.swift */,
			);
			path = View;
			sourceTree = "<group>";
		};
		7E0FB013210976DC006220E6 /* Util */ = {
			isa = PBXGroup;
			children = (
				7EEED820210BA1CE00FDD36A /* Consts.swift */,
				7E0FB014210976FD006220E6 /* Extensions.swift */,
			);
			path = Util;
			sourceTree = "<group>";
		};
/* End PBXGroup section */

/* Begin PBXNativeTarget section */
		7E0FAFF921096EEA006220E6 /* MyGameList */ = {
			isa = PBXNativeTarget;
			buildConfigurationList = 7E0FB00C21096EEB006220E6 /* Build configuration list for PBXNativeTarget "MyGameList" */;
			buildPhases = (
				7E0FAFF621096EEA006220E6 /* Sources */,
				7E0FAFF721096EEA006220E6 /* Frameworks */,
				7E0FAFF821096EEA006220E6 /* Resources */,
			);
			buildRules = (
			);
			dependencies = (
			);
			name = MyGameList;
			productName = MyGameList;
			productReference = 7E0FAFFA21096EEA006220E6 /* MyGameList.app */;
			productType = "com.apple.product-type.application";
		};
/* End PBXNativeTarget section */

/* Begin PBXProject section */
		7E0FAFF221096EEA006220E6 /* Project object */ = {
			isa = PBXProject;
			attributes = {
				LastSwiftUpdateCheck = 0920;
				LastUpgradeCheck = 0920;
				ORGANIZATIONNAME = "Samuel Alves";
				TargetAttributes = {
					7E0FAFF921096EEA006220E6 = {
						CreatedOnToolsVersion = 9.2;
						ProvisioningStyle = Automatic;
					};
				};
			};
			buildConfigurationList = 7E0FAFF521096EEA006220E6 /* Build configuration list for PBXProject "MyGameList" */;
			compatibilityVersion = "Xcode 8.0";
			developmentRegion = en;
			hasScannedForEncodings = 0;
			knownRegions = (
				en,
				Base,
			);
			mainGroup = 7E0FAFF121096EEA006220E6;
			productRefGroup = 7E0FAFFB21096EEA006220E6 /* Products */;
			projectDirPath = "";
			projectRoot = "";
			targets = (
				7E0FAFF921096EEA006220E6 /* MyGameList */,
			);
		};
/* End PBXProject section */

/* Begin PBXResourcesBuildPhase section */
		7E0FAFF821096EEA006220E6 /* Resources */ = {
			isa = PBXResourcesBuildPhase;
			buildActionMask = 2147483647;
			files = (
				7E0FB00821096EEB006220E6 /* LaunchScreen.storyboard in Resources */,
				7E0FB00521096EEB006220E6 /* Assets.xcassets in Resources */,
				7E0FB00321096EEB006220E6 /* Main.storyboard in Resources */,
			);
			runOnlyForDeploymentPostprocessing = 0;
		};
/* End PBXResourcesBuildPhase section */

/* Begin PBXSourcesBuildPhase section */
		7E0FAFF621096EEA006220E6 /* Sources */ = {
			isa = PBXSourcesBuildPhase;
			buildActionMask = 2147483647;
			files = (
				7E0FB00021096EEB006220E6 /* ViewController.swift in Sources */,
				7EEED821210BA1CE00FDD36A /* Consts.swift in Sources */,
				7E0FB0172109948B006220E6 /* MenuCell.swift in Sources */,
				7E0FAFFE21096EEB006220E6 /* AppDelegate.swift in Sources */,
				7E0FB01221097489006220E6 /* MenuBar.swift in Sources */,
				7E0FB015210976FD006220E6 /* Extensions.swift in Sources */,
			);
			runOnlyForDeploymentPostprocessing = 0;
		};
/* End PBXSourcesBuildPhase section */

/* Begin PBXVariantGroup section */
		7E0FB00121096EEB006220E6 /* Main.storyboard */ = {
			isa = PBXVariantGroup;
			children = (
				7E0FB00221096EEB006220E6 /* Base */,
			);
			name = Main.storyboard;
			sourceTree = "<group>";
		};
		7E0FB00621096EEB006220E6 /* LaunchScreen.storyboard */ = {
			isa = PBXVariantGroup;
			children = (
				7E0FB00721096EEB006220E6 /* Base */,
			);
			name = LaunchScreen.storyboard;
			sourceTree = "<group>";
		};
/* End PBXVariantGroup section */

/* Begin XCBuildConfiguration section */
		7E0FB00A21096EEB006220E6 /* Debug */ = {
			isa = XCBuildConfiguration;
			buildSettings = {
				ALWAYS_SEARCH_USER_PATHS = NO;
				CLANG_ANALYZER_NONNULL = YES;
				CLANG_ANALYZER_NUMBER_OBJECT_CONVERSION = YES_AGGRESSIVE;
				CLANG_CXX_LANGUAGE_STANDARD = "gnu++14";
				CLANG_CXX_LIBRARY = "libc++";
				CLANG_ENABLE_MODULES = YES;
				CLANG_ENABLE_OBJC_ARC = YES;
				CLANG_WARN_BLOCK_CAPTURE_AUTORELEASING = YES;
				CLANG_WARN_BOOL_CONVERSION = YES;
				CLANG_WARN_COMMA = YES;
				CLANG_WARN_CONSTANT_CONVERSION = YES;
				CLANG_WARN_DIRECT_OBJC_ISA_USAGE = YES_ERROR;
				CLANG_WARN_DOCUMENTATION_COMMENTS = YES;
				CLANG_WARN_EMPTY_BODY = YES;
				CLANG_WARN_ENUM_CONVERSION = YES;
				CLANG_WARN_INFINITE_RECURSION = YES;
				CLANG_WARN_INT_CONVERSION = YES;
				CLANG_WARN_NON_LITERAL_NULL_CONVERSION = YES;
				CLANG_WARN_OBJC_LITERAL_CONVERSION = YES;
				CLANG_WARN_OBJC_ROOT_CLASS = YES_ERROR;
				CLANG_WARN_RANGE_LOOP_ANALYSIS = YES;
				CLANG_WARN_STRICT_PROTOTYPES = YES;
				CLANG_WARN_SUSPICIOUS_MOVE = YES;
				CLANG_WARN_UNGUARDED_AVAILABILITY = YES_AGGRESSIVE;
				CLANG_WARN_UNREACHABLE_CODE = YES;
				CLANG_WARN__DUPLICATE_METHOD_MATCH = YES;
				CODE_SIGN_IDENTITY = "iPhone Developer";
				COPY_PHASE_STRIP = NO;
				DEBUG_INFORMATION_FORMAT = dwarf;
				ENABLE_STRICT_OBJC_MSGSEND = YES;
				ENABLE_TESTABILITY = YES;
				GCC_C_LANGUAGE_STANDARD = gnu11;
				GCC_DYNAMIC_NO_PIC = NO;
				GCC_NO_COMMON_BLOCKS = YES;
				GCC_OPTIMIZATION_LEVEL = 0;
				GCC_PREPROCESSOR_DEFINITIONS = (
					"DEBUG=1",
					"$(inherited)",
				);
				GCC_WARN_64_TO_32_BIT_CONVERSION = YES;
				GCC_WARN_ABOUT_RETURN_TYPE = YES_ERROR;
				GCC_WARN_UNDECLARED_SELECTOR = YES;
				GCC_WARN_UNINITIALIZED_AUTOS = YES_AGGRESSIVE;
				GCC_WARN_UNUSED_FUNCTION = YES;
				GCC_WARN_UNUSED_VARIABLE = YES;
				IPHONEOS_DEPLOYMENT_TARGET = 11.2;
				MTL_ENABLE_DEBUG_INFO = YES;
				ONLY_ACTIVE_ARCH = YES;
				SDKROOT = iphoneos;
				SWIFT_ACTIVE_COMPILATION_CONDITIONS = DEBUG;
				SWIFT_OPTIMIZATION_LEVEL = "-Onone";
			};
			name = Debug;
		};
		7E0FB00B21096EEB006220E6 /* Release */ = {
			isa = XCBuildConfiguration;
			buildSettings = {
				ALWAYS_SEARCH_USER_PATHS = NO;
				CLANG_ANALYZER_NONNULL = YES;
				CLANG_ANALYZER_NUMBER_OBJECT_CONVERSION = YES_AGGRESSIVE;
				CLANG_CXX_LANGUAGE_STANDARD = "gnu++14";
				CLANG_CXX_LIBRARY = "libc++";
				CLANG_ENABLE_MODULES = YES;
				CLANG_ENABLE_OBJC_ARC = YES;
				CLANG_WARN_BLOCK_CAPTURE_AUTORELEASING = YES;
				CLANG_WARN_BOOL_CONVERSION = YES;
				CLANG_WARN_COMMA = YES;
				CLANG_WARN_CONSTANT_CONVERSION = YES;
				CLANG_WARN_DIRECT_OBJC_ISA_USAGE = YES_ERROR;
				CLANG_WARN_DOCUMENTATION_COMMENTS = YES;
				CLANG_WARN_EMPTY_BODY = YES;
				CLANG_WARN_ENUM_CONVERSION = YES;
				CLANG_WARN_INFINITE_RECURSION = YES;
				CLANG_WARN_INT_CONVERSION = YES;
				CLANG_WARN_NON_LITERAL_NULL_CONVERSION = YES;
				CLANG_WARN_OBJC_LITERAL_CONVERSION = YES;
				CLANG_WARN_OBJC_ROOT_CLASS = YES_ERROR;
				CLANG_WARN_RANGE_LOOP_ANALYSIS = YES;
				CLANG_WARN_STRICT_PROTOTYPES = YES;
				CLANG_WARN_SUSPICIOUS_MOVE = YES;
				CLANG_WARN_UNGUARDED_AVAILABILITY = YES_AGGRESSIVE;
				CLANG_WARN_UNREACHABLE_CODE = YES;
				CLANG_WARN__DUPLICATE_METHOD_MATCH = YES;
				CODE_SIGN_IDENTITY = "iPhone Developer";
				COPY_PHASE_STRIP = NO;
				DEBUG_INFORMATION_FORMAT = "dwarf-with-dsym";
				ENABLE_NS_ASSERTIONS = NO;
				ENABLE_STRICT_OBJC_MSGSEND = YES;
				GCC_C_LANGUAGE_STANDARD = gnu11;
				GCC_NO_COMMON_BLOCKS = YES;
				GCC_WARN_64_TO_32_BIT_CONVERSION = YES;
				GCC_WARN_ABOUT_RETURN_TYPE = YES_ERROR;
				GCC_WARN_UNDECLARED_SELECTOR = YES;
				GCC_WARN_UNINITIALIZED_AUTOS = YES_AGGRESSIVE;
				GCC_WARN_UNUSED_FUNCTION = YES;
				GCC_WARN_UNUSED_VARIABLE = YES;
				IPHONEOS_DEPLOYMENT_TARGET = 11.2;
				MTL_ENABLE_DEBUG_INFO = NO;
				SDKROOT = iphoneos;
				SWIFT_OPTIMIZATION_LEVEL = "-Owholemodule";
				VALIDATE_PRODUCT = YES;
			};
			name = Release;
		};
		7E0FB00D21096EEB006220E6 /* Debug */ = {
			isa = XCBuildConfiguration;
			buildSettings = {
				ASSETCATALOG_COMPILER_APPICON_NAME = AppIcon;
				CODE_SIGN_STYLE = Automatic;
				INFOPLIST_FILE = MyGameList/Info.plist;
				LD_RUNPATH_SEARCH_PATHS = "$(inherited) @executable_path/Frameworks";
				PRODUCT_BUNDLE_IDENTIFIER = com.samuel.alves.MyGameList;
				PRODUCT_NAME = "$(TARGET_NAME)";
				SWIFT_VERSION = 4.0;
				TARGETED_DEVICE_FAMILY = "1,2";
			};
			name = Debug;
		};
		7E0FB00E21096EEB006220E6 /* Release */ = {
			isa = XCBuildConfiguration;
			buildSettings = {
				ASSETCATALOG_COMPILER_APPICON_NAME = AppIcon;
				CODE_SIGN_STYLE = Automatic;
				INFOPLIST_FILE = MyGameList/Info.plist;
				LD_RUNPATH_SEARCH_PATHS = "$(inherited) @executable_path/Frameworks";
				PRODUCT_BUNDLE_IDENTIFIER = com.samuel.alves.MyGameList;
				PRODUCT_NAME = "$(TARGET_NAME)";
				SWIFT_VERSION = 4.0;
				TARGETED_DEVICE_FAMILY = "1,2";
			};
			name = Release;
		};
/* End XCBuildConfiguration section */

/* Begin XCConfigurationList section */
		7E0FAFF521096EEA006220E6 /* Build configuration list for PBXProject "MyGameList" */ = {
			isa = XCConfigurationList;
			buildConfigurations = (
				7E0FB00A21096EEB006220E6 /* Debug */,
				7E0FB00B21096EEB006220E6 /* Release */,
			);
			defaultConfigurationIsVisible = 0;
			defaultConfigurationName = Release;
		};
		7E0FB00C21096EEB006220E6 /* Build configuration list for PBXNativeTarget "MyGameList" */ = {
			isa = XCConfigurationList;
			buildConfigurations = (
				7E0FB00D21096EEB006220E6 /* Debug */,
				7E0FB00E21096EEB006220E6 /* Release */,
			);
			defaultConfigurationIsVisible = 0;
			defaultConfigurationName = Release;
		};
/* End XCConfigurationList section */
	};
	rootObject = 7E0FAFF221096EEA006220E6 /* Project object */;
}
